
Microsoft Visual Studio Solution File, Format Version 12.00
Project("{FAE04EC0-301F-11D3-BF4B-00C04F79EFBC}") = "RealEstateAgency.Api", "RealEstateAgency.Api\RealEstateAgency.Api.csproj", "{18CBDFF2-C375-46D9-82F0-57B07CB513E7}"
EndProject
Project("{FAE04EC0-301F-11D3-BF4B-00C04F79EFBC}") = "RealEstateAgency.Infrastructure", "RealEstateAgency.Infrastructure\RealEstateAgency.Infrastructure.csproj", "{585E801E-E854-4D60-957F-CE52F6D2F2FD}"
EndProject
Project("{FAE04EC0-301F-11D3-BF4B-00C04F79EFBC}") = "RealEstateAgency.Services", "RealEstateAgency.Services\RealEstateAgency.Services.csproj", "{596E474D-9604-40FA-BAEC-4DFCD98ECBEC}"
EndProject
Project("{2150E333-8FDC-42A3-9474-1A3956D46DE8}") = "src", "src", "{F36C7922-1037-47FB-B2CF-E166C11F52E8}"
EndProject
Project("{2150E333-8FDC-42A3-9474-1A3956D46DE8}") = "docker", "docker", "{7A3CC52D-A2AE-4DE7-9F98-DD594A76CA29}"
ProjectSection(SolutionItems) = preProject
	docker-compose.yml = docker-compose.yml
	Dockerfile = Dockerfile
EndProjectSection
EndProject
Project("{FAE04EC0-301F-11D3-BF4B-00C04F79EFBC}") = "RealEstateAgency.Infrastructure.Tests", "RealEstateAgency.Infrastructure.Tests\RealEstateAgency.Infrastructure.Tests.csproj", "{8B35F95D-496C-4D51-AD7B-D0357CD03978}"
EndProject
Project("{2150E333-8FDC-42A3-9474-1A3956D46DE8}") = "tests", "tests", "{28748AE6-E48A-4DE9-B4D7-63B422FA3829}"
EndProject
Global
	GlobalSection(SolutionConfigurationPlatforms) = preSolution
		Debug|Any CPU = Debug|Any CPU
		Release|Any CPU = Release|Any CPU
	EndGlobalSection
	GlobalSection(ProjectConfigurationPlatforms) = postSolution
		{18CBDFF2-C375-46D9-82F0-57B07CB513E7}.Debug|Any CPU.ActiveCfg = Debug|Any CPU
		{18CBDFF2-C375-46D9-82F0-57B07CB513E7}.Debug|Any CPU.Build.0 = Debug|Any CPU
		{18CBDFF2-C375-46D9-82F0-57B07CB513E7}.Release|Any CPU.ActiveCfg = Release|Any CPU
		{18CBDFF2-C375-46D9-82F0-57B07CB513E7}.Release|Any CPU.Build.0 = Release|Any CPU
		{585E801E-E854-4D60-957F-CE52F6D2F2FD}.Debug|Any CPU.ActiveCfg = Debug|Any CPU
		{585E801E-E854-4D60-957F-CE52F6D2F2FD}.Debug|Any CPU.Build.0 = Debug|Any CPU
		{585E801E-E854-4D60-957F-CE52F6D2F2FD}.Release|Any CPU.ActiveCfg = Release|Any CPU
		{585E801E-E854-4D60-957F-CE52F6D2F2FD}.Release|Any CPU.Build.0 = Release|Any CPU
		{596E474D-9604-40FA-BAEC-4DFCD98ECBEC}.Debug|Any CPU.ActiveCfg = Debug|Any CPU
		{596E474D-9604-40FA-BAEC-4DFCD98ECBEC}.Debug|Any CPU.Build.0 = Debug|Any CPU
		{596E474D-9604-40FA-BAEC-4DFCD98ECBEC}.Release|Any CPU.ActiveCfg = Release|Any CPU
		{596E474D-9604-40FA-BAEC-4DFCD98ECBEC}.Release|Any CPU.Build.0 = Release|Any CPU
		{8B35F95D-496C-4D51-AD7B-D0357CD03978}.Debug|Any CPU.ActiveCfg = Debug|Any CPU
		{8B35F95D-496C-4D51-AD7B-D0357CD03978}.Debug|Any CPU.Build.0 = Debug|Any CPU
		{8B35F95D-496C-4D51-AD7B-D0357CD03978}.Release|Any CPU.ActiveCfg = Release|Any CPU
		{8B35F95D-496C-4D51-AD7B-D0357CD03978}.Release|Any CPU.Build.0 = Release|Any CPU
	EndGlobalSection
	GlobalSection(NestedProjects) = preSolution
		{18CBDFF2-C375-46D9-82F0-57B07CB513E7} = {F36C7922-1037-47FB-B2CF-E166C11F52E8}
		{585E801E-E854-4D60-957F-CE52F6D2F2FD} = {F36C7922-1037-47FB-B2CF-E166C11F52E8}
		{596E474D-9604-40FA-BAEC-4DFCD98ECBEC} = {F36C7922-1037-47FB-B2CF-E166C11F52E8}
		{8B35F95D-496C-4D51-AD7B-D0357CD03978} = {28748AE6-E48A-4DE9-B4D7-63B422FA3829}
	EndGlobalSection
EndGlobal
